
Microsoft Visual Studio Solution File, Format Version 12.00
# Visual Studio Version 16
VisualStudioVersion = 16.0.31112.23
MinimumVisualStudioVersion = 10.0.40219.1
Project("{9A19103F-16F7-4668-BE54-9A1E7A4F7556}") = "eShopSolution.WebApp", "eShopSolution.WebApp\eShopSolution.WebApp.csproj", "{8D7FF32F-6A4B-4FA2-B7E7-EBD48B5FBDA5}"
EndProject
Project("{2150E333-8FDC-42A3-9474-1A3956D46DE8}") = "Solution Items", "Solution Items", "{3C873911-65FF-4634-9DD5-630DCA5D04F5}"
	ProjectSection(SolutionItems) = preProject
		README.md = README.md
	EndProjectSection
EndProject
Project("{9A19103F-16F7-4668-BE54-9A1E7A4F7556}") = "eShopSolution.Application", "eShopSolution.Application\eShopSolution.Application.csproj", "{86455B0F-CCCA-42AE-A6BA-60FFAEF74079}"
EndProject
Project("{9A19103F-16F7-4668-BE54-9A1E7A4F7556}") = "eShopSolution.Data", "eShopSolution.Data\eShopSolution.Data.csproj", "{691648E1-B84D-4D52-9EC7-ADCDE0328437}"
EndProject
Global
	GlobalSection(SolutionConfigurationPlatforms) = preSolution
		Debug|Any CPU = Debug|Any CPU
		Release|Any CPU = Release|Any CPU
	EndGlobalSection
	GlobalSection(ProjectConfigurationPlatforms) = postSolution
		{8D7FF32F-6A4B-4FA2-B7E7-EBD48B5FBDA5}.Debug|Any CPU.ActiveCfg = Debug|Any CPU
		{8D7FF32F-6A4B-4FA2-B7E7-EBD48B5FBDA5}.Debug|Any CPU.Build.0 = Debug|Any CPU
		{8D7FF32F-6A4B-4FA2-B7E7-EBD48B5FBDA5}.Release|Any CPU.ActiveCfg = Release|Any CPU
		{8D7FF32F-6A4B-4FA2-B7E7-EBD48B5FBDA5}.Release|Any CPU.Build.0 = Release|Any CPU
		{86455B0F-CCCA-42AE-A6BA-60FFAEF74079}.Debug|Any CPU.ActiveCfg = Debug|Any CPU
		{86455B0F-CCCA-42AE-A6BA-60FFAEF74079}.Debug|Any CPU.Build.0 = Debug|Any CPU
		{86455B0F-CCCA-42AE-A6BA-60FFAEF74079}.Release|Any CPU.ActiveCfg = Release|Any CPU
		{86455B0F-CCCA-42AE-A6BA-60FFAEF74079}.Release|Any CPU.Build.0 = Release|Any CPU
		{691648E1-B84D-4D52-9EC7-ADCDE0328437}.Debug|Any CPU.ActiveCfg = Debug|Any CPU
		{691648E1-B84D-4D52-9EC7-ADCDE0328437}.Debug|Any CPU.Build.0 = Debug|Any CPU
		{691648E1-B84D-4D52-9EC7-ADCDE0328437}.Release|Any CPU.ActiveCfg = Release|Any CPU
		{691648E1-B84D-4D52-9EC7-ADCDE0328437}.Release|Any CPU.Build.0 = Release|Any CPU
	EndGlobalSection
	GlobalSection(SolutionProperties) = preSolution
		HideSolutionNode = FALSE
	EndGlobalSection
	GlobalSection(ExtensibilityGlobals) = postSolution
		SolutionGuid = {4E309B01-DF7B-4440-A17D-F97EAE571016}
	EndGlobalSection
EndGlobal
